
Microsoft Visual Studio Solution File, Format Version 12.00
# Visual Studio 15
VisualStudioVersion = 15.0.28307.572
MinimumVisualStudioVersion = 10.0.40219.1
Project("{FAE04EC0-301F-11D3-BF4B-00C04F79EFBC}") = "XWingAPI", "XWingAPI\XWingAPI.csproj", "{0A4F0036-3BE9-4773-9284-D345623CF8D9}"
EndProject
Global
	GlobalSection(SolutionConfigurationPlatforms) = preSolution
		Debug|Any CPU = Debug|Any CPU
		Release|Any CPU = Release|Any CPU
	EndGlobalSection
	GlobalSection(ProjectConfigurationPlatforms) = postSolution
		{0A4F0036-3BE9-4773-9284-D345623CF8D9}.Debug|Any CPU.ActiveCfg = Debug|Any CPU
		{0A4F0036-3BE9-4773-9284-D345623CF8D9}.Debug|Any CPU.Build.0 = Debug|Any CPU
		{0A4F0036-3BE9-4773-9284-D345623CF8D9}.Release|Any CPU.ActiveCfg = Release|Any CPU
		{0A4F0036-3BE9-4773-9284-D345623CF8D9}.Release|Any CPU.Build.0 = Release|Any CPU
	EndGlobalSection
	GlobalSection(SolutionProperties) = preSolution
		HideSolutionNode = FALSE
	EndGlobalSection
	GlobalSection(ExtensibilityGlobals) = postSolution
		SolutionGuid = {DC36C08A-E138-4BB8-B99F-52261894E078}
	EndGlobalSection
EndGlobal
